# This file is automatically @generated by Cargo.
# It is not intended for manual editing.
version = 4

[[package]]
name = "nexq-api-aws"
version = "0.1.0"
dependencies = [
 "nexq-core",
]

[[package]]
name = "nexq-api-rest"
version = "0.1.0"
dependencies = [
 "nexq-core",
]

[[package]]
name = "nexq-cli"
version = "0.1.0"
dependencies = [
 "nexq-client",
]

[[package]]
name = "nexq-client"
version = "0.1.0"

[[package]]
name = "nexq-core"
version = "0.1.0"

[[package]]
name = "nexq-keda"
version = "0.1.0"
dependencies = [
 "nexq-core",
]

[[package]]
name = "nexq-metrics"
version = "0.1.0"
dependencies = [
 "nexq-core",
]

[[package]]
name = "nexq-server"
version = "0.1.0"
dependencies = [
 "nexq-api-aws",
 "nexq-api-rest",
 "nexq-core",
 "nexq-keda",
 "nexq-metrics",
 "nexq-store-search",
 "nexq-store-sql",
]

[[package]]
name = "nexq-store-conformance"
version = "0.1.0"
dependencies = [
 "nexq-core",
]

[[package]]
name = "nexq-store-search"
version = "0.1.0"
dependencies = [
 "nexq-core",
]

[[package]]
name = "nexq-store-sql"
version = "0.1.0"
dependencies = [
 "nexq-core",
]

[[package]]
name = "xtask"
version = "0.1.0"
